// !$*UTF8*$!
{
	archiveVersion = 1;
	classes = {
	};
	objectVersion = 46;
	objects = {

/* Begin PBXBuildFile section */
		4F36A3701EBDD69300AC778A /* main.m in Sources */ = {isa = PBXBuildFile; fileRef = 4F36A36F1EBDD69300AC778A /* main.m */; };
		4F36A3731EBDD69300AC778A /* AppDelegate.m in Sources */ = {isa = PBXBuildFile; fileRef = 4F36A3721EBDD69300AC778A /* AppDelegate.m */; };
		4F36A3761EBDD69300AC778A /* ViewController.m in Sources */ = {isa = PBXBuildFile; fileRef = 4F36A3751EBDD69300AC778A /* ViewController.m */; };
		4F36A37B1EBDD69300AC778A /* Assets.xcassets in Resources */ = {isa = PBXBuildFile; fileRef = 4F36A37A1EBDD69300AC778A /* Assets.xcassets */; };
		4F36A37E1EBDD69300AC778A /* LaunchScreen.storyboard in Resources */ = {isa = PBXBuildFile; fileRef = 4F36A37C1EBDD69300AC778A /* LaunchScreen.storyboard */; };
		4F36A38D1EBDE39D00AC778A /* BaseView.m in Sources */ = {isa = PBXBuildFile; fileRef = 4F36A38C1EBDE39D00AC778A /* BaseView.m */; };
/* End PBXBuildFile section */

/* Begin PBXFileReference section */
		4F36A36B1EBDD69300AC778A /* Bezier.app */ = {isa = PBXFileReference; explicitFileType = wrapper.application; includeInIndex = 0; path = Bezier.app; sourceTree = BUILT_PRODUCTS_DIR; };
		4F36A36F1EBDD69300AC778A /* main.m */ = {isa = PBXFileReference; lastKnownFileType = sourcecode.c.objc; path = main.m; sourceTree = "<group>"; };
		4F36A3711EBDD69300AC778A /* AppDelegate.h */ = {isa = PBXFileReference; lastKnownFileType = sourcecode.c.h; path = AppDelegate.h; sourceTree = "<group>"; };
		4F36A3721EBDD69300AC778A /* AppDelegate.m */ = {isa = PBXFileReference; lastKnownFileType = sourcecode.c.objc; path = AppDelegate.m; sourceTree = "<group>"; };
		4F36A3741EBDD69300AC778A /* ViewController.h */ = {isa = PBXFileReference; lastKnownFileType = sourcecode.c.h; path = ViewController.h; sourceTree = "<group>"; };
		4F36A3751EBDD69300AC778A /* ViewController.m */ = {isa = PBXFileReference; lastKnownFileType = sourcecode.c.objc; path = ViewController.m; sourceTree = "<group>"; };
		4F36A37A1EBDD69300AC778A /* Assets.xcassets */ = {isa = PBXFileReference; lastKnownFileType = folder.assetcatalog; path = Assets.xcassets; sourceTree = "<group>"; };
		4F36A37D1EBDD69300AC778A /* Base */ = {isa = PBXFileReference; lastKnownFileType = file.storyboard; name = Base; path = Base.lproj/LaunchScreen.storyboard; sourceTree = "<group>"; };
		4F36A37F1EBDD69300AC778A /* Info.plist */ = {isa = PBXFileReference; lastKnownFileType = text.plist.xml; path = Info.plist; sourceTree = "<group>"; };
		4F36A38B1EBDE39D00AC778A /* BaseView.h */ = {isa = PBXFileReference; fileEncoding = 4; lastKnownFileType = sourcecode.c.h; path = BaseView.h; sourceTree = "<group>"; };
		4F36A38C1EBDE39D00AC778A /* BaseView.m */ = {isa = PBXFileReference; fileEncoding = 4; lastKnownFileType = sourcecode.c.objc; path = BaseView.m; sourceTree = "<group>"; };
/* End PBXFileReference section */

/* Begin PBXFrameworksBuildPhase section */
		4F36A3681EBDD69300AC778A /* Frameworks */ = {
			isa = PBXFrameworksBuildPhase;
			buildActionMask = 2147483647;
			files = (
			);
			runOnlyForDeploymentPostprocessing = 0;
		};
/* End PBXFrameworksBuildPhase section */

/* Begin PBXGroup section */
		4F36A3621EBDD69300AC778A = {
			isa = PBXGroup;
			children = (
				4F36A38A1EBDE38E00AC778A /* View */,
				4F36A36D1EBDD69300AC778A /* Bezier */,
				4F36A36C1EBDD69300AC778A /* Products */,
			);
			sourceTree = "<group>";
		};
		4F36A36C1EBDD69300AC778A /* Products */ = {
			isa = PBXGroup;
			children = (
				4F36A36B1EBDD69300AC778A /* Bezier.app */,
			);
			name = Products;
			sourceTree = "<group>";
		};
		4F36A36D1EBDD69300AC778A /* Bezier */ = {
			isa = PBXGroup;
			children = (
				4F36A3711EBDD69300AC778A /* AppDelegate.h */,
				4F36A3721EBDD69300AC778A /* AppDelegate.m */,
				4F36A3741EBDD69300AC778A /* ViewController.h */,
				4F36A3751EBDD69300AC778A /* ViewController.m */,
				4F36A37A1EBDD69300AC778A /* Assets.xcassets */,
				4F36A37C1EBDD69300AC778A /* LaunchScreen.storyboard */,
				4F36A37F1EBDD69300AC778A /* Info.plist */,
				4F36A36E1EBDD69300AC778A /* Supporting Files */,
			);
			path = Bezier;
			sourceTree = "<group>";
		};
		4F36A36E1EBDD69300AC778A /* Supporting Files */ = {
			isa = PBXGroup;
			children = (
				4F36A36F1EBDD69300AC778A /* main.m */,
			);
			name = "Supporting Files";
			sourceTree = "<group>";
		};
		4F36A38A1EBDE38E00AC778A /* View */ = {
			isa = PBXGroup;
			children = (
				4F36A38B1EBDE39D00AC778A /* BaseView.h */,
				4F36A38C1EBDE39D00AC778A /* BaseView.m */,
			);
			path = View;
			sourceTree = "<group>";
		};
/* End PBXGroup section */

/* Begin PBXNativeTarget section */
		4F36A36A1EBDD69300AC778A /* Bezier */ = {
			isa = PBXNativeTarget;
			buildConfigurationList = 4F36A3821EBDD69300AC778A /* Build configuration list for PBXNativeTarget "Bezier" */;
			buildPhases = (
				4F36A3671EBDD69300AC778A /* Sources */,
				4F36A3681EBDD69300AC778A /* Frameworks */,
				4F36A3691EBDD69300AC778A /* Resources */,
			);
			buildRules = (
			);
			dependencies = (
			);
			name = Bezier;
			productName = Bezier;
			productReference = 4F36A36B1EBDD69300AC778A /* Bezier.app */;
			productType = "com.apple.product-type.application";
		};
/* End PBXNativeTarget section */

/* Begin PBXProject section */
		4F36A3631EBDD69300AC778A /* Project object */ = {
			isa = PBXProject;
			attributes = {
				LastUpgradeCheck = 0830;
				ORGANIZATIONNAME = "王亚军";
				TargetAttributes = {
					4F36A36A1EBDD69300AC778A = {
						CreatedOnToolsVersion = 8.3.2;
						DevelopmentTeam = UN7WQUBM37;
						ProvisioningStyle = Automatic;
					};
				};
			};
			buildConfigurationList = 4F36A3661EBDD69300AC778A /* Build configuration list for PBXProject "Bezier" */;
			compatibilityVersion = "Xcode 3.2";
			developmentRegion = English;
			hasScannedForEncodings = 0;
			knownRegions = (
				en,
				Base,
			);
			mainGroup = 4F36A3621EBDD69300AC778A;
			productRefGroup = 4F36A36C1EBDD69300AC778A /* Products */;
			projectDirPath = "";
			projectRoot = "";
			targets = (
				4F36A36A1EBDD69300AC778A /* Bezier */,
			);
		};
/* End PBXProject section */

/* Begin PBXResourcesBuildPhase section */
		4F36A3691EBDD69300AC778A /* Resources */ = {
			isa = PBXResourcesBuildPhase;
			buildActionMask = 2147483647;
			files = (
				4F36A37E1EBDD69300AC778A /* LaunchScreen.storyboard in Resources */,
				4F36A37B1EBDD69300AC778A /* Assets.xcassets in Resources */,
			);
			runOnlyForDeploymentPostprocessing = 0;
		};
/* End PBXResourcesBuildPhase section */

/* Begin PBXSourcesBuildPhase section */
		4F36A3671EBDD69300AC778A /* Sources */ = {
			isa = PBXSourcesBuildPhase;
			buildActionMask = 2147483647;
			files = (
				4F36A3761EBDD69300AC778A /* ViewController.m in Sources */,
				4F36A3731EBDD69300AC778A /* AppDelegate.m in Sources */,
				4F36A3701EBDD69300AC778A /* main.m in Sources */,
				4F36A38D1EBDE39D00AC778A /* BaseView.m in Sources */,
			);
			runOnlyForDeploymentPostprocessing = 0;
		};
/* End PBXSourcesBuildPhase section */

/* Begin PBXVariantGroup section */
		4F36A37C1EBDD69300AC778A /* LaunchScreen.storyboard */ = {
			isa = PBXVariantGroup;
			children = (
				4F36A37D1EBDD69300AC778A /* Base */,
			);
			name = LaunchScreen.storyboard;
			sourceTree = "<group>";
		};
/* End PBXVariantGroup section */

/* Begin XCBuildConfiguration section */
		4F36A3801EBDD69300AC778A /* Debug */ = {
			isa = XCBuildConfiguration;
			buildSettings = {
				ALWAYS_SEARCH_USER_PATHS = NO;
				CLANG_ANALYZER_NONNULL = YES;
				CLANG_ANALYZER_NUMBER_OBJECT_CONVERSION = YES_AGGRESSIVE;
				CLANG_CXX_LANGUAGE_STANDARD = "gnu++0x";
				CLANG_CXX_LIBRARY = "libc++";
				CLANG_ENABLE_MODULES = YES;
				CLANG_ENABLE_OBJC_ARC = YES;
				CLANG_WARN_BOOL_CONVERSION = YES;
				CLANG_WARN_CONSTANT_CONVERSION = YES;
				CLANG_WARN_DIRECT_OBJC_ISA_USAGE = YES_ERROR;
				CLANG_WARN_DOCUMENTATION_COMMENTS = YES;
				CLANG_WARN_EMPTY_BODY = YES;
				CLANG_WARN_ENUM_CONVERSION = YES;
				CLANG_WARN_INFINITE_RECURSION = YES;
				CLANG_WARN_INT_CONVERSION = YES;
				CLANG_WARN_OBJC_ROOT_CLASS = YES_ERROR;
				CLANG_WARN_SUSPICIOUS_MOVE = YES;
				CLANG_WARN_UNREACHABLE_CODE = YES;
				CLANG_WARN__DUPLICATE_METHOD_MATCH = YES;
				"CODE_SIGN_IDENTITY[sdk=iphoneos*]" = "iPhone Developer";
				COPY_PHASE_STRIP = NO;
				DEBUG_INFORMATION_FORMAT = dwarf;
				ENABLE_STRICT_OBJC_MSGSEND = YES;
				ENABLE_TESTABILITY = YES;
				GCC_C_LANGUAGE_STANDARD = gnu99;
				GCC_DYNAMIC_NO_PIC = NO;
				GCC_NO_COMMON_BLOCKS = YES;
				GCC_OPTIMIZATION_LEVEL = 0;
				GCC_PREPROCESSOR_DEFINITIONS = (
					"DEBUG=1",
					"$(inherited)",
				);
				GCC_WARN_64_TO_32_BIT_CONVERSION = YES;
				GCC_WARN_ABOUT_RETURN_TYPE = YES_ERROR;
				GCC_WARN_UNDECLARED_SELECTOR = YES;
				GCC_WARN_UNINITIALIZED_AUTOS = YES_AGGRESSIVE;
				GCC_WARN_UNUSED_FUNCTION = YES;
				GCC_WARN_UNUSED_VARIABLE = YES;
				IPHONEOS_DEPLOYMENT_TARGET = 10.3;
				MTL_ENABLE_DEBUG_INFO = YES;
				ONLY_ACTIVE_ARCH = YES;
				SDKROOT = iphoneos;
			};
			name = Debug;
		};
		4F36A3811EBDD69300AC778A /* Release */ = {
			isa = XCBuildConfiguration;
			buildSettings = {
				ALWAYS_SEARCH_USER_PATHS = NO;
				CLANG_ANALYZER_NONNULL = YES;
				CLANG_ANALYZER_NUMBER_OBJECT_CONVERSION = YES_AGGRESSIVE;
				CLANG_CXX_LANGUAGE_STANDARD = "gnu++0x";
				CLANG_CXX_LIBRARY = "libc++";
				CLANG_ENABLE_MODULES = YES;
				CLANG_ENABLE_OBJC_ARC = YES;
				CLANG_WARN_BOOL_CONVERSION = YES;
				CLANG_WARN_CONSTANT_CONVERSION = YES;
				CLANG_WARN_DIRECT_OBJC_ISA_USAGE = YES_ERROR;
				CLANG_WARN_DOCUMENTATION_COMMENTS = YES;
				CLANG_WARN_EMPTY_BODY = YES;
				CLANG_WARN_ENUM_CONVERSION = YES;
				CLANG_WARN_INFINITE_RECURSION = YES;
				CLANG_WARN_INT_CONVERSION = YES;
				CLANG_WARN_OBJC_ROOT_CLASS = YES_ERROR;
				CLANG_WARN_SUSPICIOUS_MOVE = YES;
				CLANG_WARN_UNREACHABLE_CODE = YES;
				CLANG_WARN__DUPLICATE_METHOD_MATCH = YES;
				"CODE_SIGN_IDENTITY[sdk=iphoneos*]" = "iPhone Developer";
				COPY_PHASE_STRIP = NO;
				DEBUG_INFORMATION_FORMAT = "dwarf-with-dsym";
				ENABLE_NS_ASSERTIONS = NO;
				ENABLE_STRICT_OBJC_MSGSEND = YES;
				GCC_C_LANGUAGE_STANDARD = gnu99;
				GCC_NO_COMMON_BLOCKS = YES;
				GCC_WARN_64_TO_32_BIT_CONVERSION = YES;
				GCC_WARN_ABOUT_RETURN_TYPE = YES_ERROR;
				GCC_WARN_UNDECLARED_SELECTOR = YES;
				GCC_WARN_UNINITIALIZED_AUTOS = YES_AGGRESSIVE;
				GCC_WARN_UNUSED_FUNCTION = YES;
				GCC_WARN_UNUSED_VARIABLE = YES;
				IPHONEOS_DEPLOYMENT_TARGET = 10.3;
				MTL_ENABLE_DEBUG_INFO = NO;
				SDKROOT = iphoneos;
				VALIDATE_PRODUCT = YES;
			};
			name = Release;
		};
		4F36A3831EBDD69300AC778A /* Debug */ = {
			isa = XCBuildConfiguration;
			buildSettings = {
				ASSETCATALOG_COMPILER_APPICON_NAME = AppIcon;
				DEVELOPMENT_TEAM = UN7WQUBM37;
				INFOPLIST_FILE = Bezier/Info.plist;
				LD_RUNPATH_SEARCH_PATHS = "$(inherited) @executable_path/Frameworks";
				PRODUCT_BUNDLE_IDENTIFIER = com.Bezier.yajun.Bezier;
				PRODUCT_NAME = "$(TARGET_NAME)";
			};
			name = Debug;
		};
		4F36A3841EBDD69300AC778A /* Release */ = {
			isa = XCBuildConfiguration;
			buildSettings = {
				ASSETCATALOG_COMPILER_APPICON_NAME = AppIcon;
				DEVELOPMENT_TEAM = UN7WQUBM37;
				INFOPLIST_FILE = Bezier/Info.plist;
				LD_RUNPATH_SEARCH_PATHS = "$(inherited) @executable_path/Frameworks";
				PRODUCT_BUNDLE_IDENTIFIER = com.Bezier.yajun.Bezier;
				PRODUCT_NAME = "$(TARGET_NAME)";
			};
			name = Release;
		};
/* End XCBuildConfiguration section */

/* Begin XCConfigurationList section */
		4F36A3661EBDD69300AC778A /* Build configuration list for PBXProject "Bezier" */ = {
			isa = XCConfigurationList;
			buildConfigurations = (
				4F36A3801EBDD69300AC778A /* Debug */,
				4F36A3811EBDD69300AC778A /* Release */,
			);
			defaultConfigurationIsVisible = 0;
			defaultConfigurationName = Release;
		};
		4F36A3821EBDD69300AC778A /* Build configuration list for PBXNativeTarget "Bezier" */ = {
			isa = XCConfigurationList;
			buildConfigurations = (
				4F36A3831EBDD69300AC778A /* Debug */,
				4F36A3841EBDD69300AC778A /* Release */,
			);
			defaultConfigurationIsVisible = 0;
			defaultConfigurationName = Release;
		};
/* End XCConfigurationList section */
	};
	rootObject = 4F36A3631EBDD69300AC778A /* Project object */;
}
